
Microsoft Visual Studio Solution File, Format Version 12.00
# Visual Studio Version 17
VisualStudioVersion = 17.0.31903.59
MinimumVisualStudioVersion = 10.0.40219.1
Project("{FAE04EC0-301F-11D3-BF4B-00C04F79EFBC}") = "RichillCapital.TraderStudio.Mobile", "RichillCapital.TraderStudio.Mobile.csproj", "{9B473475-96E7-4BB3-922D-ABD9E771ACAE}"
EndProject
Project("{2150E333-8FDC-42A3-9474-1A3956D46DE8}") = "Libs", "Libs", "{5B3DE75F-96C3-4D2F-B898-90E5DF14B627}"
EndProject
Project("{FAE04EC0-301F-11D3-BF4B-00C04F79EFBC}") = "RichillCapital.Domain", "Libs\RichillCapital.Domain\RichillCapital.Domain.csproj", "{0628BDEF-4488-47AF-85C9-9348B627F76E}"
EndProject
Project("{FAE04EC0-301F-11D3-BF4B-00C04F79EFBC}") = "RichillCapital.UseCases", "Libs\RichillCapital.UseCases\RichillCapital.UseCases.csproj", "{7639BAC0-3E49-463F-BCCA-2311D60504E3}"
EndProject
Project("{FAE04EC0-301F-11D3-BF4B-00C04F79EFBC}") = "RichillCapital.Infrastructure", "Libs\RichillCapital.Infrastructure\RichillCapital.Infrastructure.csproj", "{DC0D5E87-7F9C-4F18-BE30-8DDA90D7E1F3}"
EndProject
Global
	GlobalSection(SolutionProperties) = preSolution
		HideSolutionNode = FALSE
	EndGlobalSection
	GlobalSection(SolutionConfigurationPlatforms) = preSolution
		Debug|Any CPU = Debug|Any CPU
		Debug|x64 = Debug|x64
		Debug|x86 = Debug|x86
		Release|Any CPU = Release|Any CPU
		Release|x64 = Release|x64
		Release|x86 = Release|x86
	EndGlobalSection
	GlobalSection(ProjectConfigurationPlatforms) = postSolution
		{9B473475-96E7-4BB3-922D-ABD9E771ACAE}.Debug|Any CPU.ActiveCfg = Debug|Any CPU
		{9B473475-96E7-4BB3-922D-ABD9E771ACAE}.Debug|Any CPU.Build.0 = Debug|Any CPU
		{9B473475-96E7-4BB3-922D-ABD9E771ACAE}.Debug|x64.ActiveCfg = Debug|Any CPU
		{9B473475-96E7-4BB3-922D-ABD9E771ACAE}.Debug|x64.Build.0 = Debug|Any CPU
		{9B473475-96E7-4BB3-922D-ABD9E771ACAE}.Debug|x86.ActiveCfg = Debug|Any CPU
		{9B473475-96E7-4BB3-922D-ABD9E771ACAE}.Debug|x86.Build.0 = Debug|Any CPU
		{9B473475-96E7-4BB3-922D-ABD9E771ACAE}.Release|Any CPU.ActiveCfg = Release|Any CPU
		{9B473475-96E7-4BB3-922D-ABD9E771ACAE}.Release|Any CPU.Build.0 = Release|Any CPU
		{9B473475-96E7-4BB3-922D-ABD9E771ACAE}.Release|x64.ActiveCfg = Release|Any CPU
		{9B473475-96E7-4BB3-922D-ABD9E771ACAE}.Release|x64.Build.0 = Release|Any CPU
		{9B473475-96E7-4BB3-922D-ABD9E771ACAE}.Release|x86.ActiveCfg = Release|Any CPU
		{9B473475-96E7-4BB3-922D-ABD9E771ACAE}.Release|x86.Build.0 = Release|Any CPU
		{0628BDEF-4488-47AF-85C9-9348B627F76E}.Debug|Any CPU.ActiveCfg = Debug|Any CPU
		{0628BDEF-4488-47AF-85C9-9348B627F76E}.Debug|Any CPU.Build.0 = Debug|Any CPU
		{0628BDEF-4488-47AF-85C9-9348B627F76E}.Debug|x64.ActiveCfg = Debug|Any CPU
		{0628BDEF-4488-47AF-85C9-9348B627F76E}.Debug|x64.Build.0 = Debug|Any CPU
		{0628BDEF-4488-47AF-85C9-9348B627F76E}.Debug|x86.ActiveCfg = Debug|Any CPU
		{0628BDEF-4488-47AF-85C9-9348B627F76E}.Debug|x86.Build.0 = Debug|Any CPU
		{0628BDEF-4488-47AF-85C9-9348B627F76E}.Release|Any CPU.ActiveCfg = Release|Any CPU
		{0628BDEF-4488-47AF-85C9-9348B627F76E}.Release|Any CPU.Build.0 = Release|Any CPU
		{0628BDEF-4488-47AF-85C9-9348B627F76E}.Release|x64.ActiveCfg = Release|Any CPU
		{0628BDEF-4488-47AF-85C9-9348B627F76E}.Release|x64.Build.0 = Release|Any CPU
		{0628BDEF-4488-47AF-85C9-9348B627F76E}.Release|x86.ActiveCfg = Release|Any CPU
		{0628BDEF-4488-47AF-85C9-9348B627F76E}.Release|x86.Build.0 = Release|Any CPU
		{7639BAC0-3E49-463F-BCCA-2311D60504E3}.Debug|Any CPU.ActiveCfg = Debug|Any CPU
		{7639BAC0-3E49-463F-BCCA-2311D60504E3}.Debug|Any CPU.Build.0 = Debug|Any CPU
		{7639BAC0-3E49-463F-BCCA-2311D60504E3}.Debug|x64.ActiveCfg = Debug|Any CPU
		{7639BAC0-3E49-463F-BCCA-2311D60504E3}.Debug|x64.Build.0 = Debug|Any CPU
		{7639BAC0-3E49-463F-BCCA-2311D60504E3}.Debug|x86.ActiveCfg = Debug|Any CPU
		{7639BAC0-3E49-463F-BCCA-2311D60504E3}.Debug|x86.Build.0 = Debug|Any CPU
		{7639BAC0-3E49-463F-BCCA-2311D60504E3}.Release|Any CPU.ActiveCfg = Release|Any CPU
		{7639BAC0-3E49-463F-BCCA-2311D60504E3}.Release|Any CPU.Build.0 = Release|Any CPU
		{7639BAC0-3E49-463F-BCCA-2311D60504E3}.Release|x64.ActiveCfg = Release|Any CPU
		{7639BAC0-3E49-463F-BCCA-2311D60504E3}.Release|x64.Build.0 = Release|Any CPU
		{7639BAC0-3E49-463F-BCCA-2311D60504E3}.Release|x86.ActiveCfg = Release|Any CPU
		{7639BAC0-3E49-463F-BCCA-2311D60504E3}.Release|x86.Build.0 = Release|Any CPU
		{DC0D5E87-7F9C-4F18-BE30-8DDA90D7E1F3}.Debug|Any CPU.ActiveCfg = Debug|Any CPU
		{DC0D5E87-7F9C-4F18-BE30-8DDA90D7E1F3}.Debug|Any CPU.Build.0 = Debug|Any CPU
		{DC0D5E87-7F9C-4F18-BE30-8DDA90D7E1F3}.Debug|x64.ActiveCfg = Debug|Any CPU
		{DC0D5E87-7F9C-4F18-BE30-8DDA90D7E1F3}.Debug|x64.Build.0 = Debug|Any CPU
		{DC0D5E87-7F9C-4F18-BE30-8DDA90D7E1F3}.Debug|x86.ActiveCfg = Debug|Any CPU
		{DC0D5E87-7F9C-4F18-BE30-8DDA90D7E1F3}.Debug|x86.Build.0 = Debug|Any CPU
		{DC0D5E87-7F9C-4F18-BE30-8DDA90D7E1F3}.Release|Any CPU.ActiveCfg = Release|Any CPU
		{DC0D5E87-7F9C-4F18-BE30-8DDA90D7E1F3}.Release|Any CPU.Build.0 = Release|Any CPU
		{DC0D5E87-7F9C-4F18-BE30-8DDA90D7E1F3}.Release|x64.ActiveCfg = Release|Any CPU
		{DC0D5E87-7F9C-4F18-BE30-8DDA90D7E1F3}.Release|x64.Build.0 = Release|Any CPU
		{DC0D5E87-7F9C-4F18-BE30-8DDA90D7E1F3}.Release|x86.ActiveCfg = Release|Any CPU
		{DC0D5E87-7F9C-4F18-BE30-8DDA90D7E1F3}.Release|x86.Build.0 = Release|Any CPU
	EndGlobalSection
	GlobalSection(NestedProjects) = preSolution
		{0628BDEF-4488-47AF-85C9-9348B627F76E} = {5B3DE75F-96C3-4D2F-B898-90E5DF14B627}
		{7639BAC0-3E49-463F-BCCA-2311D60504E3} = {5B3DE75F-96C3-4D2F-B898-90E5DF14B627}
		{DC0D5E87-7F9C-4F18-BE30-8DDA90D7E1F3} = {5B3DE75F-96C3-4D2F-B898-90E5DF14B627}
	EndGlobalSection
EndGlobal
